
Microsoft Visual Studio Solution File, Format Version 12.00
# Visual Studio Version 17
VisualStudioVersion = 17.0.32112.339
MinimumVisualStudioVersion = 10.0.40219.1
Project("{FAE04EC0-301F-11D3-BF4B-00C04F79EFBC}") = "windows_form", "windows_form\windows_form.csproj", "{FFF40531-CF14-4369-9460-8022E9B03FF9}"
EndProject
Global
	GlobalSection(SolutionConfigurationPlatforms) = preSolution
		Debug|Any CPU = Debug|Any CPU
		Release|Any CPU = Release|Any CPU
	EndGlobalSection
	GlobalSection(ProjectConfigurationPlatforms) = postSolution
		{FFF40531-CF14-4369-9460-8022E9B03FF9}.Debug|Any CPU.ActiveCfg = Debug|Any CPU
		{FFF40531-CF14-4369-9460-8022E9B03FF9}.Debug|Any CPU.Build.0 = Debug|Any CPU
		{FFF40531-CF14-4369-9460-8022E9B03FF9}.Release|Any CPU.ActiveCfg = Release|Any CPU
		{FFF40531-CF14-4369-9460-8022E9B03FF9}.Release|Any CPU.Build.0 = Release|Any CPU
	EndGlobalSection
	GlobalSection(SolutionProperties) = preSolution
		HideSolutionNode = FALSE
	EndGlobalSection
	GlobalSection(ExtensibilityGlobals) = postSolution
		SolutionGuid = {731764E1-16FA-44E5-88C0-5A01AF160D0E}
	EndGlobalSection
EndGlobal
